
Microsoft Visual Studio Solution File, Format Version 12.00
# Visual Studio Version 17
VisualStudioVersion = 17.2.32526.322
MinimumVisualStudioVersion = 10.0.40219.1
Project("{9A19103F-16F7-4668-BE54-9A1E7A4F7556}") = "SDK_Laboratoire1", "SDK_Laboratoire1\SDK_Laboratoire1.csproj", "{160D9677-8ECB-4323-8ACE-6970AD61A681}"
EndProject
Project("{FAE04EC0-301F-11D3-BF4B-00C04F79EFBC}") = "LibrairieConvertionNote", "LibrairieConvertionNote\LibrairieConvertionNote.csproj", "{901D22F2-18E5-40B2-8857-3E53E0DD7FD6}"
EndProject
Global
	GlobalSection(SolutionConfigurationPlatforms) = preSolution
		Debug|Any CPU = Debug|Any CPU
		Release|Any CPU = Release|Any CPU
	EndGlobalSection
	GlobalSection(ProjectConfigurationPlatforms) = postSolution
		{160D9677-8ECB-4323-8ACE-6970AD61A681}.Debug|Any CPU.ActiveCfg = Debug|Any CPU
		{160D9677-8ECB-4323-8ACE-6970AD61A681}.Debug|Any CPU.Build.0 = Debug|Any CPU
		{160D9677-8ECB-4323-8ACE-6970AD61A681}.Release|Any CPU.ActiveCfg = Release|Any CPU
		{160D9677-8ECB-4323-8ACE-6970AD61A681}.Release|Any CPU.Build.0 = Release|Any CPU
		{901D22F2-18E5-40B2-8857-3E53E0DD7FD6}.Debug|Any CPU.ActiveCfg = Debug|Any CPU
		{901D22F2-18E5-40B2-8857-3E53E0DD7FD6}.Debug|Any CPU.Build.0 = Debug|Any CPU
		{901D22F2-18E5-40B2-8857-3E53E0DD7FD6}.Release|Any CPU.ActiveCfg = Release|Any CPU
		{901D22F2-18E5-40B2-8857-3E53E0DD7FD6}.Release|Any CPU.Build.0 = Release|Any CPU
	EndGlobalSection
	GlobalSection(SolutionProperties) = preSolution
		HideSolutionNode = FALSE
	EndGlobalSection
	GlobalSection(ExtensibilityGlobals) = postSolution
		SolutionGuid = {D6C168B7-77B5-43DB-B681-869928FE390B}
	EndGlobalSection
EndGlobal
